
Microsoft Visual Studio Solution File, Format Version 12.00
# Visual Studio Version 17
VisualStudioVersion = 17.14.36414.22 d17.14
MinimumVisualStudioVersion = 10.0.40219.1
Project("{FAE04EC0-301F-11D3-BF4B-00C04F79EFBC}") = "refactor", "refactor.csproj", "{A9803C77-07C7-43B2-8E2F-0D8BEFC73B73}"
EndProject
Global
	GlobalSection(SolutionConfigurationPlatforms) = preSolution
		Debug|Any CPU = Debug|Any CPU
		Release|Any CPU = Release|Any CPU
	EndGlobalSection
	GlobalSection(ProjectConfigurationPlatforms) = postSolution
		{A9803C77-07C7-43B2-8E2F-0D8BEFC73B73}.Debug|Any CPU.ActiveCfg = Debug|Any CPU
		{A9803C77-07C7-43B2-8E2F-0D8BEFC73B73}.Debug|Any CPU.Build.0 = Debug|Any CPU
		{A9803C77-07C7-43B2-8E2F-0D8BEFC73B73}.Release|Any CPU.ActiveCfg = Release|Any CPU
		{A9803C77-07C7-43B2-8E2F-0D8BEFC73B73}.Release|Any CPU.Build.0 = Release|Any CPU
	EndGlobalSection
	GlobalSection(SolutionProperties) = preSolution
		HideSolutionNode = FALSE
	EndGlobalSection
	GlobalSection(ExtensibilityGlobals) = postSolution
		SolutionGuid = {76ED763C-0770-4B12-B067-5C3DDDA2AE57}
	EndGlobalSection
EndGlobal
